// !$*UTF8*$!
{
	archiveVersion = 1;
	classes = {
	};
	objectVersion = 46;
	objects = {

/* Begin PBXBuildFile section */
		F40D460E1F0E0A2D00752B61 /* AVFoundation.framework in Frameworks */ = {isa = PBXBuildFile; fileRef = F40D460D1F0E0A2D00752B61 /* AVFoundation.framework */; };
		F40D46141F0E422400752B61 /* Photos.framework in Frameworks */ = {isa = PBXBuildFile; fileRef = F40D46131F0E422400752B61 /* Photos.framework */; };
		F45F40CE1F1F146100A77719 /* OpenGLES.framework in Frameworks */ = {isa = PBXBuildFile; fileRef = F45F40CD1F1F146100A77719 /* OpenGLES.framework */; };
		F45F40D01F1F146900A77719 /* CoreImage.framework in Frameworks */ = {isa = PBXBuildFile; fileRef = F45F40CF1F1F146900A77719 /* CoreImage.framework */; };
		F4F940521F33018900A68570 /* AppDelegate.swift in Sources */ = {isa = PBXBuildFile; fileRef = F4F940411F33018900A68570 /* AppDelegate.swift */; };
		F4F940531F33018900A68570 /* Assets.xcassets in Resources */ = {isa = PBXBuildFile; fileRef = F4F940421F33018900A68570 /* Assets.xcassets */; };
		F4F940541F33018900A68570 /* LaunchScreen.storyboard in Resources */ = {isa = PBXBuildFile; fileRef = F4F940431F33018900A68570 /* LaunchScreen.storyboard */; };
		F4F940551F33018900A68570 /* Main.storyboard in Resources */ = {isa = PBXBuildFile; fileRef = F4F940451F33018900A68570 /* Main.storyboard */; };
		F4F940561F33018900A68570 /* FilterCollectionViewCell.swift in Sources */ = {isa = PBXBuildFile; fileRef = F4F940481F33018900A68570 /* FilterCollectionViewCell.swift */; };
		F4F940571F33018900A68570 /* ImageCollectionViewCell.swift in Sources */ = {isa = PBXBuildFile; fileRef = F4F940491F33018900A68570 /* ImageCollectionViewCell.swift */; };
		F4F940581F33018900A68570 /* CameraController.swift in Sources */ = {isa = PBXBuildFile; fileRef = F4F9404B1F33018900A68570 /* CameraController.swift */; };
		F4F940591F33018900A68570 /* CameraFocusSquareView.swift in Sources */ = {isa = PBXBuildFile; fileRef = F4F9404C1F33018900A68570 /* CameraFocusSquareView.swift */; };
		F4F9405A1F33018900A68570 /* PreviewView.swift in Sources */ = {isa = PBXBuildFile; fileRef = F4F9404D1F33018900A68570 /* PreviewView.swift */; };
		F4F9405B1F33018900A68570 /* Info.plist in Resources */ = {isa = PBXBuildFile; fileRef = F4F9404E1F33018900A68570 /* Info.plist */; };
		F4F9405C1F33018900A68570 /* CaptureViewController.swift in Sources */ = {isa = PBXBuildFile; fileRef = F4F940501F33018900A68570 /* CaptureViewController.swift */; };
		F4F9405D1F33018900A68570 /* GalleryImageViewController.swift in Sources */ = {isa = PBXBuildFile; fileRef = F4F940511F33018900A68570 /* GalleryImageViewController.swift */; };
/* End PBXBuildFile section */

/* Begin PBXFileReference section */
		F40D45F71F0E0A0C00752B61 /* BRSCamera.app */ = {isa = PBXFileReference; explicitFileType = wrapper.application; includeInIndex = 0; path = BRSCamera.app; sourceTree = BUILT_PRODUCTS_DIR; };
		F40D460D1F0E0A2D00752B61 /* AVFoundation.framework */ = {isa = PBXFileReference; lastKnownFileType = wrapper.framework; name = AVFoundation.framework; path = System/Library/Frameworks/AVFoundation.framework; sourceTree = SDKROOT; };
		F40D46131F0E422400752B61 /* Photos.framework */ = {isa = PBXFileReference; lastKnownFileType = wrapper.framework; name = Photos.framework; path = System/Library/Frameworks/Photos.framework; sourceTree = SDKROOT; };
		F45F40CD1F1F146100A77719 /* OpenGLES.framework */ = {isa = PBXFileReference; lastKnownFileType = wrapper.framework; name = OpenGLES.framework; path = System/Library/Frameworks/OpenGLES.framework; sourceTree = SDKROOT; };
		F45F40CF1F1F146900A77719 /* CoreImage.framework */ = {isa = PBXFileReference; lastKnownFileType = wrapper.framework; name = CoreImage.framework; path = System/Library/Frameworks/CoreImage.framework; sourceTree = SDKROOT; };
		F4F940411F33018900A68570 /* AppDelegate.swift */ = {isa = PBXFileReference; fileEncoding = 4; lastKnownFileType = sourcecode.swift; path = AppDelegate.swift; sourceTree = "<group>"; };
		F4F940421F33018900A68570 /* Assets.xcassets */ = {isa = PBXFileReference; lastKnownFileType = folder.assetcatalog; path = Assets.xcassets; sourceTree = "<group>"; };
		F4F940441F33018900A68570 /* Base */ = {isa = PBXFileReference; lastKnownFileType = file.storyboard; name = Base; path = Base.lproj/LaunchScreen.storyboard; sourceTree = "<group>"; };
		F4F940461F33018900A68570 /* Base */ = {isa = PBXFileReference; lastKnownFileType = file.storyboard; name = Base; path = Base.lproj/Main.storyboard; sourceTree = "<group>"; };
		F4F940481F33018900A68570 /* FilterCollectionViewCell.swift */ = {isa = PBXFileReference; fileEncoding = 4; lastKnownFileType = sourcecode.swift; path = FilterCollectionViewCell.swift; sourceTree = "<group>"; };
		F4F940491F33018900A68570 /* ImageCollectionViewCell.swift */ = {isa = PBXFileReference; fileEncoding = 4; lastKnownFileType = sourcecode.swift; path = ImageCollectionViewCell.swift; sourceTree = "<group>"; };
		F4F9404B1F33018900A68570 /* CameraController.swift */ = {isa = PBXFileReference; fileEncoding = 4; lastKnownFileType = sourcecode.swift; path = CameraController.swift; sourceTree = "<group>"; };
		F4F9404C1F33018900A68570 /* CameraFocusSquareView.swift */ = {isa = PBXFileReference; fileEncoding = 4; lastKnownFileType = sourcecode.swift; path = CameraFocusSquareView.swift; sourceTree = "<group>"; };
		F4F9404D1F33018900A68570 /* PreviewView.swift */ = {isa = PBXFileReference; fileEncoding = 4; lastKnownFileType = sourcecode.swift; path = PreviewView.swift; sourceTree = "<group>"; };
		F4F9404E1F33018900A68570 /* Info.plist */ = {isa = PBXFileReference; fileEncoding = 4; lastKnownFileType = text.plist.xml; path = Info.plist; sourceTree = "<group>"; };
		F4F940501F33018900A68570 /* CaptureViewController.swift */ = {isa = PBXFileReference; fileEncoding = 4; lastKnownFileType = sourcecode.swift; path = CaptureViewController.swift; sourceTree = "<group>"; };
		F4F940511F33018900A68570 /* GalleryImageViewController.swift */ = {isa = PBXFileReference; fileEncoding = 4; lastKnownFileType = sourcecode.swift; path = GalleryImageViewController.swift; sourceTree = "<group>"; };
/* End PBXFileReference section */

/* Begin PBXFrameworksBuildPhase section */
		F40D45F41F0E0A0C00752B61 /* Frameworks */ = {
			isa = PBXFrameworksBuildPhase;
			buildActionMask = 2147483647;
			files = (
				F45F40D01F1F146900A77719 /* CoreImage.framework in Frameworks */,
				F45F40CE1F1F146100A77719 /* OpenGLES.framework in Frameworks */,
				F40D46141F0E422400752B61 /* Photos.framework in Frameworks */,
				F40D460E1F0E0A2D00752B61 /* AVFoundation.framework in Frameworks */,
			);
			runOnlyForDeploymentPostprocessing = 0;
		};
/* End PBXFrameworksBuildPhase section */

/* Begin PBXGroup section */
		F40D45EE1F0E0A0C00752B61 = {
			isa = PBXGroup;
			children = (
				F4F940401F33018900A68570 /* BRSCamera */,
				F40D45F81F0E0A0C00752B61 /* Products */,
				F40D460C1F0E0A2D00752B61 /* Frameworks */,
			);
			sourceTree = "<group>";
		};
		F40D45F81F0E0A0C00752B61 /* Products */ = {
			isa = PBXGroup;
			children = (
				F40D45F71F0E0A0C00752B61 /* BRSCamera.app */,
			);
			name = Products;
			sourceTree = "<group>";
		};
		F40D460C1F0E0A2D00752B61 /* Frameworks */ = {
			isa = PBXGroup;
			children = (
				F45F40CF1F1F146900A77719 /* CoreImage.framework */,
				F45F40CD1F1F146100A77719 /* OpenGLES.framework */,
				F40D46131F0E422400752B61 /* Photos.framework */,
				F40D460D1F0E0A2D00752B61 /* AVFoundation.framework */,
			);
			name = Frameworks;
			sourceTree = "<group>";
		};
		F4F940401F33018900A68570 /* BRSCamera */ = {
			isa = PBXGroup;
			children = (
				F4F940411F33018900A68570 /* AppDelegate.swift */,
				F4F940421F33018900A68570 /* Assets.xcassets */,
				F4F940431F33018900A68570 /* LaunchScreen.storyboard */,
				F4F940451F33018900A68570 /* Main.storyboard */,
				F4F940471F33018900A68570 /* Cells */,
				F4F9404A1F33018900A68570 /* HelperClasses */,
				F4F9404E1F33018900A68570 /* Info.plist */,
				F4F9404F1F33018900A68570 /* ViewControllers */,
			);
			path = BRSCamera;
			sourceTree = "<group>";
		};
		F4F940471F33018900A68570 /* Cells */ = {
			isa = PBXGroup;
			children = (
				F4F940481F33018900A68570 /* FilterCollectionViewCell.swift */,
				F4F940491F33018900A68570 /* ImageCollectionViewCell.swift */,
			);
			path = Cells;
			sourceTree = "<group>";
		};
		F4F9404A1F33018900A68570 /* HelperClasses */ = {
			isa = PBXGroup;
			children = (
				F4F9404B1F33018900A68570 /* CameraController.swift */,
				F4F9404C1F33018900A68570 /* CameraFocusSquareView.swift */,
				F4F9404D1F33018900A68570 /* PreviewView.swift */,
			);
			path = HelperClasses;
			sourceTree = "<group>";
		};
		F4F9404F1F33018900A68570 /* ViewControllers */ = {
			isa = PBXGroup;
			children = (
				F4F940501F33018900A68570 /* CaptureViewController.swift */,
				F4F940511F33018900A68570 /* GalleryImageViewController.swift */,
			);
			path = ViewControllers;
			sourceTree = "<group>";
		};
/* End PBXGroup section */

/* Begin PBXNativeTarget section */
		F40D45F61F0E0A0C00752B61 /* BRSCamera */ = {
			isa = PBXNativeTarget;
			buildConfigurationList = F40D46091F0E0A0D00752B61 /* Build configuration list for PBXNativeTarget "BRSCamera" */;
			buildPhases = (
				F40D45F31F0E0A0C00752B61 /* Sources */,
				F40D45F41F0E0A0C00752B61 /* Frameworks */,
				F40D45F51F0E0A0C00752B61 /* Resources */,
			);
			buildRules = (
			);
			dependencies = (
			);
			name = BRSCamera;
			productName = AVFoundationExample;
			productReference = F40D45F71F0E0A0C00752B61 /* BRSCamera.app */;
			productType = "com.apple.product-type.application";
		};
/* End PBXNativeTarget section */

/* Begin PBXProject section */
		F40D45EF1F0E0A0C00752B61 /* Project object */ = {
			isa = PBXProject;
			attributes = {
				LastSwiftUpdateCheck = 0830;
				LastUpgradeCheck = 0900;
				ORGANIZATIONNAME = Xminds;
				TargetAttributes = {
					F40D45F61F0E0A0C00752B61 = {
						CreatedOnToolsVersion = 8.3;
						DevelopmentTeam = 5DM37TEFRF;
						ProvisioningStyle = Automatic;
					};
				};
			};
			buildConfigurationList = F40D45F21F0E0A0C00752B61 /* Build configuration list for PBXProject "BRSCamera" */;
			compatibilityVersion = "Xcode 3.2";
			developmentRegion = English;
			hasScannedForEncodings = 0;
			knownRegions = (
				en,
				Base,
			);
			mainGroup = F40D45EE1F0E0A0C00752B61;
			productRefGroup = F40D45F81F0E0A0C00752B61 /* Products */;
			projectDirPath = "";
			projectRoot = "";
			targets = (
				F40D45F61F0E0A0C00752B61 /* BRSCamera */,
			);
		};
/* End PBXProject section */

/* Begin PBXResourcesBuildPhase section */
		F40D45F51F0E0A0C00752B61 /* Resources */ = {
			isa = PBXResourcesBuildPhase;
			buildActionMask = 2147483647;
			files = (
				F4F9405B1F33018900A68570 /* Info.plist in Resources */,
				F4F940551F33018900A68570 /* Main.storyboard in Resources */,
				F4F940531F33018900A68570 /* Assets.xcassets in Resources */,
				F4F940541F33018900A68570 /* LaunchScreen.storyboard in Resources */,
			);
			runOnlyForDeploymentPostprocessing = 0;
		};
/* End PBXResourcesBuildPhase section */

/* Begin PBXSourcesBuildPhase section */
		F40D45F31F0E0A0C00752B61 /* Sources */ = {
			isa = PBXSourcesBuildPhase;
			buildActionMask = 2147483647;
			files = (
				F4F940571F33018900A68570 /* ImageCollectionViewCell.swift in Sources */,
				F4F940561F33018900A68570 /* FilterCollectionViewCell.swift in Sources */,
				F4F9405D1F33018900A68570 /* GalleryImageViewController.swift in Sources */,
				F4F9405C1F33018900A68570 /* CaptureViewController.swift in Sources */,
				F4F940581F33018900A68570 /* CameraController.swift in Sources */,
				F4F940591F33018900A68570 /* CameraFocusSquareView.swift in Sources */,
				F4F940521F33018900A68570 /* AppDelegate.swift in Sources */,
				F4F9405A1F33018900A68570 /* PreviewView.swift in Sources */,
			);
			runOnlyForDeploymentPostprocessing = 0;
		};
/* End PBXSourcesBuildPhase section */

/* Begin PBXVariantGroup section */
		F4F940431F33018900A68570 /* LaunchScreen.storyboard */ = {
			isa = PBXVariantGroup;
			children = (
				F4F940441F33018900A68570 /* Base */,
			);
			name = LaunchScreen.storyboard;
			sourceTree = "<group>";
		};
		F4F940451F33018900A68570 /* Main.storyboard */ = {
			isa = PBXVariantGroup;
			children = (
				F4F940461F33018900A68570 /* Base */,
			);
			name = Main.storyboard;
			sourceTree = "<group>";
		};
/* End PBXVariantGroup section */

/* Begin XCBuildConfiguration section */
		F40D46071F0E0A0D00752B61 /* Debug */ = {
			isa = XCBuildConfiguration;
			buildSettings = {
				ALWAYS_SEARCH_USER_PATHS = NO;
				CLANG_ANALYZER_NONNULL = YES;
				CLANG_ANALYZER_NUMBER_OBJECT_CONVERSION = YES_AGGRESSIVE;
				CLANG_CXX_LANGUAGE_STANDARD = "gnu++0x";
				CLANG_CXX_LIBRARY = "libc++";
				CLANG_ENABLE_MODULES = YES;
				CLANG_ENABLE_OBJC_ARC = YES;
				CLANG_WARN_BLOCK_CAPTURE_AUTORELEASING = YES;
				CLANG_WARN_BOOL_CONVERSION = YES;
				CLANG_WARN_COMMA = YES;
				CLANG_WARN_CONSTANT_CONVERSION = YES;
				CLANG_WARN_DIRECT_OBJC_ISA_USAGE = YES_ERROR;
				CLANG_WARN_DOCUMENTATION_COMMENTS = YES;
				CLANG_WARN_EMPTY_BODY = YES;
				CLANG_WARN_ENUM_CONVERSION = YES;
				CLANG_WARN_INFINITE_RECURSION = YES;
				CLANG_WARN_INT_CONVERSION = YES;
				CLANG_WARN_NON_LITERAL_NULL_CONVERSION = YES;
				CLANG_WARN_OBJC_LITERAL_CONVERSION = YES;
				CLANG_WARN_OBJC_ROOT_CLASS = YES_ERROR;
				CLANG_WARN_RANGE_LOOP_ANALYSIS = YES;
				CLANG_WARN_STRICT_PROTOTYPES = YES;
				CLANG_WARN_SUSPICIOUS_MOVE = YES;
				CLANG_WARN_UNREACHABLE_CODE = YES;
				CLANG_WARN__DUPLICATE_METHOD_MATCH = YES;
				"CODE_SIGN_IDENTITY[sdk=iphoneos*]" = "iPhone Developer";
				COPY_PHASE_STRIP = NO;
				DEBUG_INFORMATION_FORMAT = dwarf;
				ENABLE_STRICT_OBJC_MSGSEND = YES;
				ENABLE_TESTABILITY = YES;
				GCC_C_LANGUAGE_STANDARD = gnu99;
				GCC_DYNAMIC_NO_PIC = NO;
				GCC_NO_COMMON_BLOCKS = YES;
				GCC_OPTIMIZATION_LEVEL = 0;
				GCC_PREPROCESSOR_DEFINITIONS = (
					"DEBUG=1",
					"$(inherited)",
				);
				GCC_WARN_64_TO_32_BIT_CONVERSION = YES;
				GCC_WARN_ABOUT_RETURN_TYPE = YES_ERROR;
				GCC_WARN_UNDECLARED_SELECTOR = YES;
				GCC_WARN_UNINITIALIZED_AUTOS = YES_AGGRESSIVE;
				GCC_WARN_UNUSED_FUNCTION = YES;
				GCC_WARN_UNUSED_VARIABLE = YES;
				IPHONEOS_DEPLOYMENT_TARGET = 10.0;
				MTL_ENABLE_DEBUG_INFO = YES;
				ONLY_ACTIVE_ARCH = YES;
				SDKROOT = iphoneos;
				SWIFT_ACTIVE_COMPILATION_CONDITIONS = DEBUG;
				SWIFT_OPTIMIZATION_LEVEL = "-Onone";
			};
			name = Debug;
		};
		F40D46081F0E0A0D00752B61 /* Release */ = {
			isa = XCBuildConfiguration;
			buildSettings = {
				ALWAYS_SEARCH_USER_PATHS = NO;
				CLANG_ANALYZER_NONNULL = YES;
				CLANG_ANALYZER_NUMBER_OBJECT_CONVERSION = YES_AGGRESSIVE;
				CLANG_CXX_LANGUAGE_STANDARD = "gnu++0x";
				CLANG_CXX_LIBRARY = "libc++";
				CLANG_ENABLE_MODULES = YES;
				CLANG_ENABLE_OBJC_ARC = YES;
				CLANG_WARN_BLOCK_CAPTURE_AUTORELEASING = YES;
				CLANG_WARN_BOOL_CONVERSION = YES;
				CLANG_WARN_COMMA = YES;
				CLANG_WARN_CONSTANT_CONVERSION = YES;
				CLANG_WARN_DIRECT_OBJC_ISA_USAGE = YES_ERROR;
				CLANG_WARN_DOCUMENTATION_COMMENTS = YES;
				CLANG_WARN_EMPTY_BODY = YES;
				CLANG_WARN_ENUM_CONVERSION = YES;
				CLANG_WARN_INFINITE_RECURSION = YES;
				CLANG_WARN_INT_CONVERSION = YES;
				CLANG_WARN_NON_LITERAL_NULL_CONVERSION = YES;
				CLANG_WARN_OBJC_LITERAL_CONVERSION = YES;
				CLANG_WARN_OBJC_ROOT_CLASS = YES_ERROR;
				CLANG_WARN_RANGE_LOOP_ANALYSIS = YES;
				CLANG_WARN_STRICT_PROTOTYPES = YES;
				CLANG_WARN_SUSPICIOUS_MOVE = YES;
				CLANG_WARN_UNREACHABLE_CODE = YES;
				CLANG_WARN__DUPLICATE_METHOD_MATCH = YES;
				"CODE_SIGN_IDENTITY[sdk=iphoneos*]" = "iPhone Developer";
				COPY_PHASE_STRIP = NO;
				DEBUG_INFORMATION_FORMAT = "dwarf-with-dsym";
				ENABLE_NS_ASSERTIONS = NO;
				ENABLE_STRICT_OBJC_MSGSEND = YES;
				GCC_C_LANGUAGE_STANDARD = gnu99;
				GCC_NO_COMMON_BLOCKS = YES;
				GCC_WARN_64_TO_32_BIT_CONVERSION = YES;
				GCC_WARN_ABOUT_RETURN_TYPE = YES_ERROR;
				GCC_WARN_UNDECLARED_SELECTOR = YES;
				GCC_WARN_UNINITIALIZED_AUTOS = YES_AGGRESSIVE;
				GCC_WARN_UNUSED_FUNCTION = YES;
				GCC_WARN_UNUSED_VARIABLE = YES;
				IPHONEOS_DEPLOYMENT_TARGET = 10.0;
				MTL_ENABLE_DEBUG_INFO = NO;
				SDKROOT = iphoneos;
				SWIFT_OPTIMIZATION_LEVEL = "-Owholemodule";
				VALIDATE_PRODUCT = YES;
			};
			name = Release;
		};
		F40D460A1F0E0A0D00752B61 /* Debug */ = {
			isa = XCBuildConfiguration;
			buildSettings = {
				ASSETCATALOG_COMPILER_APPICON_NAME = AppIcon;
				DEVELOPMENT_TEAM = 5DM37TEFRF;
				INFOPLIST_FILE = BRSCamera/Info.plist;
				IPHONEOS_DEPLOYMENT_TARGET = 10.0;
				LD_RUNPATH_SEARCH_PATHS = "$(inherited) @executable_path/Frameworks";
				PRODUCT_BUNDLE_IDENTIFIER = com.xminds.BRSCamera;
				PRODUCT_NAME = "$(TARGET_NAME)";
				SWIFT_VERSION = 3.0;
			};
			name = Debug;
		};
		F40D460B1F0E0A0D00752B61 /* Release */ = {
			isa = XCBuildConfiguration;
			buildSettings = {
				ASSETCATALOG_COMPILER_APPICON_NAME = AppIcon;
				DEVELOPMENT_TEAM = 5DM37TEFRF;
				INFOPLIST_FILE = BRSCamera/Info.plist;
				IPHONEOS_DEPLOYMENT_TARGET = 10.0;
				LD_RUNPATH_SEARCH_PATHS = "$(inherited) @executable_path/Frameworks";
				PRODUCT_BUNDLE_IDENTIFIER = com.xminds.BRSCamera;
				PRODUCT_NAME = "$(TARGET_NAME)";
				SWIFT_VERSION = 3.0;
			};
			name = Release;
		};
/* End XCBuildConfiguration section */

/* Begin XCConfigurationList section */
		F40D45F21F0E0A0C00752B61 /* Build configuration list for PBXProject "BRSCamera" */ = {
			isa = XCConfigurationList;
			buildConfigurations = (
				F40D46071F0E0A0D00752B61 /* Debug */,
				F40D46081F0E0A0D00752B61 /* Release */,
			);
			defaultConfigurationIsVisible = 0;
			defaultConfigurationName = Release;
		};
		F40D46091F0E0A0D00752B61 /* Build configuration list for PBXNativeTarget "BRSCamera" */ = {
			isa = XCConfigurationList;
			buildConfigurations = (
				F40D460A1F0E0A0D00752B61 /* Debug */,
				F40D460B1F0E0A0D00752B61 /* Release */,
			);
			defaultConfigurationIsVisible = 0;
			defaultConfigurationName = Release;
		};
/* End XCConfigurationList section */
	};
	rootObject = F40D45EF1F0E0A0C00752B61 /* Project object */;
}
